
Microsoft Visual Studio Solution File, Format Version 12.00
# Visual Studio Version 16
VisualStudioVersion = 16.0.33927.289
MinimumVisualStudioVersion = 10.0.40219.1
Project("{2150E333-8FDC-42A3-9474-1A3956D46DE8}") = "Task0", "Task0", "{0685D4A7-A961-490E-8CAE-5ADB29B16E4D}"
EndProject
Project("{FAE04EC0-301F-11D3-BF4B-00C04F79EFBC}") = "Tyuiu.SabarovDA.Sprint0.Task0.V0", "Tyuiu.SabarovDA.Sprint0.Task0.V0\Tyuiu.SabarovDA.Sprint0.Task0.V0.csproj", "{D5644DFA-DB4A-4437-962A-2B608FE758A5}"
EndProject
Project("{2150E333-8FDC-42A3-9474-1A3956D46DE8}") = "Task1", "Task1", "{445AAE9D-0D63-4487-91EE-FE4C7F60DA16}"
EndProject
Project("{FAE04EC0-301F-11D3-BF4B-00C04F79EFBC}") = "Tyuiu.SabarovDA.Sprint0.Task1.V0", "Tyuiu.SabarovDA.Sprint0.Task1.V0\Tyuiu.SabarovDA.Sprint0.Task1.V0.csproj", "{70F12AAD-17BC-481F-8B72-930ABE5DB230}"
EndProject
Project("{2150E333-8FDC-42A3-9474-1A3956D46DE8}") = "Task2", "Task2", "{245465CD-AD0C-421B-B997-430CF81DC917}"
EndProject
Project("{FAE04EC0-301F-11D3-BF4B-00C04F79EFBC}") = "Tyuiu.SabarovDA.Sprint0.Task2.V0", "Tyuiu.SabarovDA.Sprint0.Task2.V0\Tyuiu.SabarovDA.Sprint0.Task2.V0.csproj", "{BAF53D91-B9D0-45B2-AA54-C1AC9D93694F}"
EndProject
Project("{FAE04EC0-301F-11D3-BF4B-00C04F79EFBC}") = "Tyuiu.SabarovDA.Sprint0.Task2.V0.Lib", "Tyuiu.SabarovDA.Sprint0.Task2.V0.Lib\Tyuiu.SabarovDA.Sprint0.Task2.V0.Lib.csproj", "{0CF8C015-1B71-4FD8-B6ED-13758DB69934}"
EndProject
Project("{FAE04EC0-301F-11D3-BF4B-00C04F79EFBC}") = "Tyuiu.SabarovDA.Sprint0.Task2.V0.Test", "Tyuiu.SabarovDA.Sprint0.Task2.V0.Test\Tyuiu.SabarovDA.Sprint0.Task2.V0.Test.csproj", "{A957DFB2-0ABA-4A49-AED3-1E3A63FD9E8E}"
EndProject
Project("{2150E333-8FDC-42A3-9474-1A3956D46DE8}") = "Task3", "Task3", "{0E89B81E-B955-46F7-A074-E719419783B3}"
EndProject
Project("{FAE04EC0-301F-11D3-BF4B-00C04F79EFBC}") = "Tyuiu.SabarovDA.Sprint0.Task3,V0", "Tyuiu.SabarovDA.Sprint0.Task3,V0\Tyuiu.SabarovDA.Sprint0.Task3,V0.csproj", "{C8F9E8C5-C8B7-499D-A185-914AA41706B3}"
EndProject
Project("{FAE04EC0-301F-11D3-BF4B-00C04F79EFBC}") = "Tyuiu.SabarovDA.Sprint0.Task3.V0.Lib", "Tyuiu.SabarovDA.Sprint0.Task3.V0.Lib\Tyuiu.SabarovDA.Sprint0.Task3.V0.Lib.csproj", "{12EE2783-5493-4BA3-A2F2-44E95FBCA073}"
EndProject
Project("{FAE04EC0-301F-11D3-BF4B-00C04F79EFBC}") = "Tyuiu.SabarovDA.Sprint0.Task3.V0.Test", "Tyuiu.SabarovDA.Sprint0.Task3.V0.Test\Tyuiu.SabarovDA.Sprint0.Task3.V0.Test.csproj", "{487CC5C1-DECE-4CC5-9CB3-47DE39BF730F}"
EndProject
Project("{2150E333-8FDC-42A3-9474-1A3956D46DE8}") = "Task4", "Task4", "{5540A9FB-C1C8-4FDB-9678-B48B8F4131A0}"
EndProject
Project("{FAE04EC0-301F-11D3-BF4B-00C04F79EFBC}") = "Tyuiu.SabarovDA.Sprint0.Task4.V0", "Tyuiu.SabarovDA.Sprint0.Task4.V0\Tyuiu.SabarovDA.Sprint0.Task4.V0.csproj", "{315D0CEB-946C-4362-97EA-656FC43A5B19}"
EndProject
Project("{FAE04EC0-301F-11D3-BF4B-00C04F79EFBC}") = "Tyuiu.SabarovDA.Sprint0.Task4.V0.Lib", "Tyuiu.SabarovDA.Sprint0.Task4.V0.Lib\Tyuiu.SabarovDA.Sprint0.Task4.V0.Lib.csproj", "{C8773AAF-5426-4A4E-957A-905AB80FDAEB}"
EndProject
Project("{FAE04EC0-301F-11D3-BF4B-00C04F79EFBC}") = "Tyuiu.SabarovDA.Sprint0.Task4.V0.Test", "Tyuiu.SabarovDA.Sprint0.Task4.V0.Test\Tyuiu.SabarovDA.Sprint0.Task4.V0.Test.csproj", "{A1E259CA-031B-43ED-A7BA-5C1EFA51D23C}"
EndProject
Project("{2150E333-8FDC-42A3-9474-1A3956D46DE8}") = "Task5", "Task5", "{05FF29E1-C782-445C-80CB-BCDDEC3611FD}"
EndProject
Project("{FAE04EC0-301F-11D3-BF4B-00C04F79EFBC}") = "Tyuiu.SabarovDA.Sprint0.Task5.V0", "Tyuiu.SabarovDA.Sprint0.Task5.V0\Tyuiu.SabarovDA.Sprint0.Task5.V0.csproj", "{7ABF1A35-4346-4274-9242-EC5831C83AB4}"
EndProject
Project("{FAE04EC0-301F-11D3-BF4B-00C04F79EFBC}") = "Tyuiu.SabarovDA.Sprint0.Task5.V0.Lib", "Tyuiu.SabarovDA.Sprint0.Task5.V0.Lib\Tyuiu.SabarovDA.Sprint0.Task5.V0.Lib.csproj", "{E08146B5-176C-4F36-8AEC-9FDD0DD5E803}"
EndProject
Project("{FAE04EC0-301F-11D3-BF4B-00C04F79EFBC}") = "Tyuiu.SabarovDA.Sprint0.Task5.V0.Test", "Tyuiu.SabarovDA.Sprint0.Task5.V0.Test\Tyuiu.SabarovDA.Sprint0.Task5.V0.Test.csproj", "{F34D365E-4E88-4AD5-8CB2-0FBA81BE10B4}"
EndProject
Project("{2150E333-8FDC-42A3-9474-1A3956D46DE8}") = "Task6", "Task6", "{84DF023D-90D5-4EF4-9295-04CBA498D533}"
EndProject
Project("{FAE04EC0-301F-11D3-BF4B-00C04F79EFBC}") = "Tyuiu.SabarovDA.Sprint0.Task6.V0", "Tyuiu.SabarovDA.Sprint0.Task6.V0\Tyuiu.SabarovDA.Sprint0.Task6.V0.csproj", "{CC3C327D-2311-4DDD-ADB7-107F45C561EF}"
EndProject
Project("{FAE04EC0-301F-11D3-BF4B-00C04F79EFBC}") = "Tyuiu.SabarovDA.Sprint0.Task6.V0.Lib", "Tyuiu.SabarovDA.Sprint0.Task6.V0.Lib\Tyuiu.SabarovDA.Sprint0.Task6.V0.Lib.csproj", "{1D14A2AF-71D2-4814-99E6-7F6983565D51}"
EndProject
Project("{FAE04EC0-301F-11D3-BF4B-00C04F79EFBC}") = "Tyuiu.SabarovDA.Sprint0.Task6.V0.Test", "Tyuiu.SabarovDA.Sprint0.Task6.V0.Test\Tyuiu.SabarovDA.Sprint0.Task6.V0.Test.csproj", "{BF2C3900-870C-4E6A-B46C-018E26DE3FEE}"
EndProject
Global
	GlobalSection(SolutionConfigurationPlatforms) = preSolution
		Debug|Any CPU = Debug|Any CPU
		Release|Any CPU = Release|Any CPU
	EndGlobalSection
	GlobalSection(ProjectConfigurationPlatforms) = postSolution
		{D5644DFA-DB4A-4437-962A-2B608FE758A5}.Debug|Any CPU.ActiveCfg = Debug|Any CPU
		{D5644DFA-DB4A-4437-962A-2B608FE758A5}.Debug|Any CPU.Build.0 = Debug|Any CPU
		{D5644DFA-DB4A-4437-962A-2B608FE758A5}.Release|Any CPU.ActiveCfg = Release|Any CPU
		{D5644DFA-DB4A-4437-962A-2B608FE758A5}.Release|Any CPU.Build.0 = Release|Any CPU
		{70F12AAD-17BC-481F-8B72-930ABE5DB230}.Debug|Any CPU.ActiveCfg = Debug|Any CPU
		{70F12AAD-17BC-481F-8B72-930ABE5DB230}.Debug|Any CPU.Build.0 = Debug|Any CPU
		{70F12AAD-17BC-481F-8B72-930ABE5DB230}.Release|Any CPU.ActiveCfg = Release|Any CPU
		{70F12AAD-17BC-481F-8B72-930ABE5DB230}.Release|Any CPU.Build.0 = Release|Any CPU
		{BAF53D91-B9D0-45B2-AA54-C1AC9D93694F}.Debug|Any CPU.ActiveCfg = Debug|Any CPU
		{BAF53D91-B9D0-45B2-AA54-C1AC9D93694F}.Debug|Any CPU.Build.0 = Debug|Any CPU
		{BAF53D91-B9D0-45B2-AA54-C1AC9D93694F}.Release|Any CPU.ActiveCfg = Release|Any CPU
		{BAF53D91-B9D0-45B2-AA54-C1AC9D93694F}.Release|Any CPU.Build.0 = Release|Any CPU
		{0CF8C015-1B71-4FD8-B6ED-13758DB69934}.Debug|Any CPU.ActiveCfg = Debug|Any CPU
		{0CF8C015-1B71-4FD8-B6ED-13758DB69934}.Debug|Any CPU.Build.0 = Debug|Any CPU
		{0CF8C015-1B71-4FD8-B6ED-13758DB69934}.Release|Any CPU.ActiveCfg = Release|Any CPU
		{0CF8C015-1B71-4FD8-B6ED-13758DB69934}.Release|Any CPU.Build.0 = Release|Any CPU
		{A957DFB2-0ABA-4A49-AED3-1E3A63FD9E8E}.Debug|Any CPU.ActiveCfg = Debug|Any CPU
		{A957DFB2-0ABA-4A49-AED3-1E3A63FD9E8E}.Debug|Any CPU.Build.0 = Debug|Any CPU
		{A957DFB2-0ABA-4A49-AED3-1E3A63FD9E8E}.Release|Any CPU.ActiveCfg = Release|Any CPU
		{A957DFB2-0ABA-4A49-AED3-1E3A63FD9E8E}.Release|Any CPU.Build.0 = Release|Any CPU
		{C8F9E8C5-C8B7-499D-A185-914AA41706B3}.Debug|Any CPU.ActiveCfg = Debug|Any CPU
		{C8F9E8C5-C8B7-499D-A185-914AA41706B3}.Debug|Any CPU.Build.0 = Debug|Any CPU
		{C8F9E8C5-C8B7-499D-A185-914AA41706B3}.Release|Any CPU.ActiveCfg = Release|Any CPU
		{C8F9E8C5-C8B7-499D-A185-914AA41706B3}.Release|Any CPU.Build.0 = Release|Any CPU
		{12EE2783-5493-4BA3-A2F2-44E95FBCA073}.Debug|Any CPU.ActiveCfg = Debug|Any CPU
		{12EE2783-5493-4BA3-A2F2-44E95FBCA073}.Debug|Any CPU.Build.0 = Debug|Any CPU
		{12EE2783-5493-4BA3-A2F2-44E95FBCA073}.Release|Any CPU.ActiveCfg = Release|Any CPU
		{12EE2783-5493-4BA3-A2F2-44E95FBCA073}.Release|Any CPU.Build.0 = Release|Any CPU
		{487CC5C1-DECE-4CC5-9CB3-47DE39BF730F}.Debug|Any CPU.ActiveCfg = Debug|Any CPU
		{487CC5C1-DECE-4CC5-9CB3-47DE39BF730F}.Debug|Any CPU.Build.0 = Debug|Any CPU
		{487CC5C1-DECE-4CC5-9CB3-47DE39BF730F}.Release|Any CPU.ActiveCfg = Release|Any CPU
		{487CC5C1-DECE-4CC5-9CB3-47DE39BF730F}.Release|Any CPU.Build.0 = Release|Any CPU
		{315D0CEB-946C-4362-97EA-656FC43A5B19}.Debug|Any CPU.ActiveCfg = Debug|Any CPU
		{315D0CEB-946C-4362-97EA-656FC43A5B19}.Debug|Any CPU.Build.0 = Debug|Any CPU
		{315D0CEB-946C-4362-97EA-656FC43A5B19}.Release|Any CPU.ActiveCfg = Release|Any CPU
		{315D0CEB-946C-4362-97EA-656FC43A5B19}.Release|Any CPU.Build.0 = Release|Any CPU
		{C8773AAF-5426-4A4E-957A-905AB80FDAEB}.Debug|Any CPU.ActiveCfg = Debug|Any CPU
		{C8773AAF-5426-4A4E-957A-905AB80FDAEB}.Debug|Any CPU.Build.0 = Debug|Any CPU
		{C8773AAF-5426-4A4E-957A-905AB80FDAEB}.Release|Any CPU.ActiveCfg = Release|Any CPU
		{C8773AAF-5426-4A4E-957A-905AB80FDAEB}.Release|Any CPU.Build.0 = Release|Any CPU
		{A1E259CA-031B-43ED-A7BA-5C1EFA51D23C}.Debug|Any CPU.ActiveCfg = Debug|Any CPU
		{A1E259CA-031B-43ED-A7BA-5C1EFA51D23C}.Debug|Any CPU.Build.0 = Debug|Any CPU
		{A1E259CA-031B-43ED-A7BA-5C1EFA51D23C}.Release|Any CPU.ActiveCfg = Release|Any CPU
		{A1E259CA-031B-43ED-A7BA-5C1EFA51D23C}.Release|Any CPU.Build.0 = Release|Any CPU
		{7ABF1A35-4346-4274-9242-EC5831C83AB4}.Debug|Any CPU.ActiveCfg = Debug|Any CPU
		{7ABF1A35-4346-4274-9242-EC5831C83AB4}.Debug|Any CPU.Build.0 = Debug|Any CPU
		{7ABF1A35-4346-4274-9242-EC5831C83AB4}.Release|Any CPU.ActiveCfg = Release|Any CPU
		{7ABF1A35-4346-4274-9242-EC5831C83AB4}.Release|Any CPU.Build.0 = Release|Any CPU
		{E08146B5-176C-4F36-8AEC-9FDD0DD5E803}.Debug|Any CPU.ActiveCfg = Debug|Any CPU
		{E08146B5-176C-4F36-8AEC-9FDD0DD5E803}.Debug|Any CPU.Build.0 = Debug|Any CPU
		{E08146B5-176C-4F36-8AEC-9FDD0DD5E803}.Release|Any CPU.ActiveCfg = Release|Any CPU
		{E08146B5-176C-4F36-8AEC-9FDD0DD5E803}.Release|Any CPU.Build.0 = Release|Any CPU
		{F34D365E-4E88-4AD5-8CB2-0FBA81BE10B4}.Debug|Any CPU.ActiveCfg = Debug|Any CPU
		{F34D365E-4E88-4AD5-8CB2-0FBA81BE10B4}.Debug|Any CPU.Build.0 = Debug|Any CPU
		{F34D365E-4E88-4AD5-8CB2-0FBA81BE10B4}.Release|Any CPU.ActiveCfg = Release|Any CPU
		{F34D365E-4E88-4AD5-8CB2-0FBA81BE10B4}.Release|Any CPU.Build.0 = Release|Any CPU
		{CC3C327D-2311-4DDD-ADB7-107F45C561EF}.Debug|Any CPU.ActiveCfg = Debug|Any CPU
		{CC3C327D-2311-4DDD-ADB7-107F45C561EF}.Debug|Any CPU.Build.0 = Debug|Any CPU
		{CC3C327D-2311-4DDD-ADB7-107F45C561EF}.Release|Any CPU.ActiveCfg = Release|Any CPU
		{CC3C327D-2311-4DDD-ADB7-107F45C561EF}.Release|Any CPU.Build.0 = Release|Any CPU
		{1D14A2AF-71D2-4814-99E6-7F6983565D51}.Debug|Any CPU.ActiveCfg = Debug|Any CPU
		{1D14A2AF-71D2-4814-99E6-7F6983565D51}.Debug|Any CPU.Build.0 = Debug|Any CPU
		{1D14A2AF-71D2-4814-99E6-7F6983565D51}.Release|Any CPU.ActiveCfg = Release|Any CPU
		{1D14A2AF-71D2-4814-99E6-7F6983565D51}.Release|Any CPU.Build.0 = Release|Any CPU
		{BF2C3900-870C-4E6A-B46C-018E26DE3FEE}.Debug|Any CPU.ActiveCfg = Debug|Any CPU
		{BF2C3900-870C-4E6A-B46C-018E26DE3FEE}.Debug|Any CPU.Build.0 = Debug|Any CPU
		{BF2C3900-870C-4E6A-B46C-018E26DE3FEE}.Release|Any CPU.ActiveCfg = Release|Any CPU
		{BF2C3900-870C-4E6A-B46C-018E26DE3FEE}.Release|Any CPU.Build.0 = Release|Any CPU
	EndGlobalSection
	GlobalSection(SolutionProperties) = preSolution
		HideSolutionNode = FALSE
	EndGlobalSection
	GlobalSection(NestedProjects) = preSolution
		{D5644DFA-DB4A-4437-962A-2B608FE758A5} = {0685D4A7-A961-490E-8CAE-5ADB29B16E4D}
		{70F12AAD-17BC-481F-8B72-930ABE5DB230} = {445AAE9D-0D63-4487-91EE-FE4C7F60DA16}
		{BAF53D91-B9D0-45B2-AA54-C1AC9D93694F} = {245465CD-AD0C-421B-B997-430CF81DC917}
		{0CF8C015-1B71-4FD8-B6ED-13758DB69934} = {245465CD-AD0C-421B-B997-430CF81DC917}
		{A957DFB2-0ABA-4A49-AED3-1E3A63FD9E8E} = {245465CD-AD0C-421B-B997-430CF81DC917}
		{C8F9E8C5-C8B7-499D-A185-914AA41706B3} = {0E89B81E-B955-46F7-A074-E719419783B3}
		{12EE2783-5493-4BA3-A2F2-44E95FBCA073} = {0E89B81E-B955-46F7-A074-E719419783B3}
		{487CC5C1-DECE-4CC5-9CB3-47DE39BF730F} = {0E89B81E-B955-46F7-A074-E719419783B3}
		{315D0CEB-946C-4362-97EA-656FC43A5B19} = {5540A9FB-C1C8-4FDB-9678-B48B8F4131A0}
		{C8773AAF-5426-4A4E-957A-905AB80FDAEB} = {5540A9FB-C1C8-4FDB-9678-B48B8F4131A0}
		{A1E259CA-031B-43ED-A7BA-5C1EFA51D23C} = {5540A9FB-C1C8-4FDB-9678-B48B8F4131A0}
		{7ABF1A35-4346-4274-9242-EC5831C83AB4} = {05FF29E1-C782-445C-80CB-BCDDEC3611FD}
		{E08146B5-176C-4F36-8AEC-9FDD0DD5E803} = {05FF29E1-C782-445C-80CB-BCDDEC3611FD}
		{F34D365E-4E88-4AD5-8CB2-0FBA81BE10B4} = {05FF29E1-C782-445C-80CB-BCDDEC3611FD}
		{CC3C327D-2311-4DDD-ADB7-107F45C561EF} = {84DF023D-90D5-4EF4-9295-04CBA498D533}
		{1D14A2AF-71D2-4814-99E6-7F6983565D51} = {84DF023D-90D5-4EF4-9295-04CBA498D533}
		{BF2C3900-870C-4E6A-B46C-018E26DE3FEE} = {84DF023D-90D5-4EF4-9295-04CBA498D533}
	EndGlobalSection
	GlobalSection(ExtensibilityGlobals) = postSolution
		SolutionGuid = {3F5B71AB-CFE6-49B1-9089-27F3451D8F45}
	EndGlobalSection
EndGlobal
